
Microsoft Visual Studio Solution File, Format Version 12.00
# Visual Studio 15
VisualStudioVersion = 15.0.27703.2042
MinimumVisualStudioVersion = 10.0.40219.1
Project("{FAE04EC0-301F-11D3-BF4B-00C04F79EFBC}") = "ToDoCo", "ToDoCo\ToDoCo.csproj", "{961E5662-604F-407B-B305-6EE40A1CAC5D}"
EndProject
Global
	GlobalSection(SolutionConfigurationPlatforms) = preSolution
		Debug|Any CPU = Debug|Any CPU
		Release|Any CPU = Release|Any CPU
	EndGlobalSection
	GlobalSection(ProjectConfigurationPlatforms) = postSolution
		{961E5662-604F-407B-B305-6EE40A1CAC5D}.Debug|Any CPU.ActiveCfg = Debug|Any CPU
		{961E5662-604F-407B-B305-6EE40A1CAC5D}.Debug|Any CPU.Build.0 = Debug|Any CPU
		{961E5662-604F-407B-B305-6EE40A1CAC5D}.Release|Any CPU.ActiveCfg = Release|Any CPU
		{961E5662-604F-407B-B305-6EE40A1CAC5D}.Release|Any CPU.Build.0 = Release|Any CPU
	EndGlobalSection
	GlobalSection(SolutionProperties) = preSolution
		HideSolutionNode = FALSE
	EndGlobalSection
	GlobalSection(ExtensibilityGlobals) = postSolution
		SolutionGuid = {F3D5F388-9731-4190-97C1-14D0A48D5F9E}
	EndGlobalSection
EndGlobal
