
Microsoft Visual Studio Solution File, Format Version 12.00
# Visual Studio 14
VisualStudioVersion = 14.0.25420.1
MinimumVisualStudioVersion = 10.0.40219.1
Project("{FAE04EC0-301F-11D3-BF4B-00C04F79EFBC}") = "Kalendergenerator", "Kalendergenerator\Kalendergenerator.csproj", "{519AF5F3-28EC-407B-92FA-F0EF99C1D052}"
EndProject
Global
	GlobalSection(SolutionConfigurationPlatforms) = preSolution
		Debug|Any CPU = Debug|Any CPU
		Release|Any CPU = Release|Any CPU
	EndGlobalSection
	GlobalSection(ProjectConfigurationPlatforms) = postSolution
		{519AF5F3-28EC-407B-92FA-F0EF99C1D052}.Debug|Any CPU.ActiveCfg = Debug|Any CPU
		{519AF5F3-28EC-407B-92FA-F0EF99C1D052}.Debug|Any CPU.Build.0 = Debug|Any CPU
		{519AF5F3-28EC-407B-92FA-F0EF99C1D052}.Release|Any CPU.ActiveCfg = Release|Any CPU
		{519AF5F3-28EC-407B-92FA-F0EF99C1D052}.Release|Any CPU.Build.0 = Release|Any CPU
	EndGlobalSection
	GlobalSection(SolutionProperties) = preSolution
		HideSolutionNode = FALSE
	EndGlobalSection
EndGlobal
